// !$*UTF8*$!
{
	archiveVersion = 1;
	classes = {
	};
	objectVersion = 52;
	objects = {

/* Begin PBXBuildFile section */
		D3059D93248ED2CD00D1D061 /* ItemLocationTableViewCell.swift in Sources */ = {isa = PBXBuildFile; fileRef = D3059D92248ED2CD00D1D061 /* ItemLocationTableViewCell.swift */; };
		D3059D98248ED67D00D1D061 /* AddItemLocation.storyboard in Resources */ = {isa = PBXBuildFile; fileRef = D3059D97248ED67D00D1D061 /* AddItemLocation.storyboard */; };
		D3059D9A248ED6B400D1D061 /* AddItemLocationViewController.swift in Sources */ = {isa = PBXBuildFile; fileRef = D3059D99248ED6B400D1D061 /* AddItemLocationViewController.swift */; };
		D3084CFC248F71150048A35F /* PickerTableViewCell.swift in Sources */ = {isa = PBXBuildFile; fileRef = D3084CFA248F71150048A35F /* PickerTableViewCell.swift */; };
		D3084CFD248F71150048A35F /* PickerTableViewCell.xib in Resources */ = {isa = PBXBuildFile; fileRef = D3084CFB248F71150048A35F /* PickerTableViewCell.xib */; };
		D3084D00248F7D9D0048A35F /* PickerValueTableViewCell.swift in Sources */ = {isa = PBXBuildFile; fileRef = D3084CFE248F7D9D0048A35F /* PickerValueTableViewCell.swift */; };
		D3084D01248F7D9D0048A35F /* PickerValueTableViewCell.xib in Resources */ = {isa = PBXBuildFile; fileRef = D3084CFF248F7D9D0048A35F /* PickerValueTableViewCell.xib */; };
		D3084D04248F97D10048A35F /* TextFieldTableViewCell.swift in Sources */ = {isa = PBXBuildFile; fileRef = D3084D02248F97D10048A35F /* TextFieldTableViewCell.swift */; };
		D3084D05248F97D10048A35F /* TextFieldTableViewCell.xib in Resources */ = {isa = PBXBuildFile; fileRef = D3084D03248F97D10048A35F /* TextFieldTableViewCell.xib */; };
		D3084D09248FA5F90048A35F /* TextViewTableViewCell.swift in Sources */ = {isa = PBXBuildFile; fileRef = D3084D07248FA5F90048A35F /* TextViewTableViewCell.swift */; };
		D3084D0A248FA5F90048A35F /* TextViewTableViewCell.xib in Resources */ = {isa = PBXBuildFile; fileRef = D3084D08248FA5F90048A35F /* TextViewTableViewCell.xib */; };
		D3084D0D248FE1F60048A35F /* Extensions.swift in Sources */ = {isa = PBXBuildFile; fileRef = D3084D0C248FE1F60048A35F /* Extensions.swift */; };
		D331807A2472E622000DBB8C /* Dashboard.storyboard in Resources */ = {isa = PBXBuildFile; fileRef = D33180792472E622000DBB8C /* Dashboard.storyboard */; };
		D331807D2472E67F000DBB8C /* DashboardViewController.swift in Sources */ = {isa = PBXBuildFile; fileRef = D331807C2472E67F000DBB8C /* DashboardViewController.swift */; };
		D33180802472EB37000DBB8C /* MyLocationsViewController.swift in Sources */ = {isa = PBXBuildFile; fileRef = D331807F2472EB37000DBB8C /* MyLocationsViewController.swift */; };
		D33180822472EB48000DBB8C /* MyLocations.storyboard in Resources */ = {isa = PBXBuildFile; fileRef = D33180812472EB48000DBB8C /* MyLocations.storyboard */; };
		D33180852472EFA8000DBB8C /* NewLocation.storyboard in Resources */ = {isa = PBXBuildFile; fileRef = D33180842472EFA8000DBB8C /* NewLocation.storyboard */; };
		D33180872472EFB6000DBB8C /* NewLocationViewController.swift in Sources */ = {isa = PBXBuildFile; fileRef = D33180862472EFB6000DBB8C /* NewLocationViewController.swift */; };
		D333D95D24810806006C725D /* ItemClass.swift in Sources */ = {isa = PBXBuildFile; fileRef = D333D95C24810806006C725D /* ItemClass.swift */; };
		D33EE739247EB7F90032C6EA /* LocationCollectionViewCell.swift in Sources */ = {isa = PBXBuildFile; fileRef = D33EE738247EB7F90032C6EA /* LocationCollectionViewCell.swift */; };
		D344497B249F63E600BDB8EA /* JourneyClass.swift in Sources */ = {isa = PBXBuildFile; fileRef = D344497A249F63E600BDB8EA /* JourneyClass.swift */; };
		D344497D249F8EAF00BDB8EA /* DashboardHeaderView.swift in Sources */ = {isa = PBXBuildFile; fileRef = D344497C249F8EAF00BDB8EA /* DashboardHeaderView.swift */; };
		D34DFF4224751438008D3916 /* AdressSearchController.swift in Sources */ = {isa = PBXBuildFile; fileRef = D34DFF4124751438008D3916 /* AdressSearchController.swift */; };
		D356E1A524828B6000275445 /* ItemLocationClass.swift in Sources */ = {isa = PBXBuildFile; fileRef = D356E1A424828B6000275445 /* ItemLocationClass.swift */; };
		D37D85102490D5D200BAA810 /* AddItemViewController.swift in Sources */ = {isa = PBXBuildFile; fileRef = D37D850F2490D5D200BAA810 /* AddItemViewController.swift */; };
		D39738D72489874900D8C91A /* DashBoardCollectionViewCell.swift in Sources */ = {isa = PBXBuildFile; fileRef = D39738D62489874900D8C91A /* DashBoardCollectionViewCell.swift */; };
		D39738DB2489959700D8C91A /* NewSuitcase.storyboard in Resources */ = {isa = PBXBuildFile; fileRef = D39738DA2489959700D8C91A /* NewSuitcase.storyboard */; };
		D39738DD248995D000D8C91A /* NewSuitcaseViewController.swift in Sources */ = {isa = PBXBuildFile; fileRef = D39738DC248995D000D8C91A /* NewSuitcaseViewController.swift */; };
		D39738DF2489980700D8C91A /* StuffCollectionViewCell.swift in Sources */ = {isa = PBXBuildFile; fileRef = D39738DE2489980700D8C91A /* StuffCollectionViewCell.swift */; };
		D39738E32489A0DF00D8C91A /* MyItems.storyboard in Resources */ = {isa = PBXBuildFile; fileRef = D39738E22489A0DF00D8C91A /* MyItems.storyboard */; };
		D39738E52489A1BE00D8C91A /* MyItemsViewController.swift in Sources */ = {isa = PBXBuildFile; fileRef = D39738E42489A1BE00D8C91A /* MyItemsViewController.swift */; };
		D3BDCADE26DD11AB00287B43 /* MapboxMaps in Frameworks */ = {isa = PBXBuildFile; productRef = D3BDCADD26DD11AB00287B43 /* MapboxMaps */; };
		D3BDCAE126DD135200287B43 /* MapboxGeocoder in Frameworks */ = {isa = PBXBuildFile; productRef = D3BDCAE026DD135200287B43 /* MapboxGeocoder */; };
		D3CA694D2472E3E7005F00FC /* AppDelegate.swift in Sources */ = {isa = PBXBuildFile; fileRef = D3CA694C2472E3E7005F00FC /* AppDelegate.swift */; };
		D3CA694F2472E3E7005F00FC /* SceneDelegate.swift in Sources */ = {isa = PBXBuildFile; fileRef = D3CA694E2472E3E7005F00FC /* SceneDelegate.swift */; };
		D3CA69512472E3E7005F00FC /* ViewController.swift in Sources */ = {isa = PBXBuildFile; fileRef = D3CA69502472E3E7005F00FC /* ViewController.swift */; };
		D3CA69542472E3E7005F00FC /* Main.storyboard in Resources */ = {isa = PBXBuildFile; fileRef = D3CA69522472E3E7005F00FC /* Main.storyboard */; };
		D3CA69572472E3E7005F00FC /* WhereIsMyStuff.xcdatamodeld in Sources */ = {isa = PBXBuildFile; fileRef = D3CA69552472E3E7005F00FC /* WhereIsMyStuff.xcdatamodeld */; };
		D3CA69592472E3E8005F00FC /* Assets.xcassets in Resources */ = {isa = PBXBuildFile; fileRef = D3CA69582472E3E8005F00FC /* Assets.xcassets */; };
		D3CA695C2472E3E8005F00FC /* LaunchScreen.storyboard in Resources */ = {isa = PBXBuildFile; fileRef = D3CA695A2472E3E8005F00FC /* LaunchScreen.storyboard */; };
		D3CA69672472E3E8005F00FC /* WhereIsMyStuffTests.swift in Sources */ = {isa = PBXBuildFile; fileRef = D3CA69662472E3E8005F00FC /* WhereIsMyStuffTests.swift */; };
		D3CA69722472E3E8005F00FC /* WhereIsMyStuffUITests.swift in Sources */ = {isa = PBXBuildFile; fileRef = D3CA69712472E3E8005F00FC /* WhereIsMyStuffUITests.swift */; };
		D3D9DE44249B4FAD00363D75 /* clothing.png in Resources */ = {isa = PBXBuildFile; fileRef = D3D9DE43249B4FAD00363D75 /* clothing.png */; };
		D3F47D0C247E439800A692D5 /* AllLocation.swift in Sources */ = {isa = PBXBuildFile; fileRef = D3F47D0B247E439800A692D5 /* AllLocation.swift */; };
		D3F907992497C0F10061B522 /* SuitcaseHeaderView.swift in Sources */ = {isa = PBXBuildFile; fileRef = D3F907982497C0F10061B522 /* SuitcaseHeaderView.swift */; };
		D3F9079B2497CBE70061B522 /* NewSuitcaseDataModel.swift in Sources */ = {isa = PBXBuildFile; fileRef = D3F9079A2497CBE70061B522 /* NewSuitcaseDataModel.swift */; };
/* End PBXBuildFile section */

/* Begin PBXContainerItemProxy section */
		D3CA69632472E3E8005F00FC /* PBXContainerItemProxy */ = {
			isa = PBXContainerItemProxy;
			containerPortal = D3CA69412472E3E7005F00FC /* Project object */;
			proxyType = 1;
			remoteGlobalIDString = D3CA69482472E3E7005F00FC;
			remoteInfo = WhereIsMyStuff;
		};
		D3CA696E2472E3E8005F00FC /* PBXContainerItemProxy */ = {
			isa = PBXContainerItemProxy;
			containerPortal = D3CA69412472E3E7005F00FC /* Project object */;
			proxyType = 1;
			remoteGlobalIDString = D3CA69482472E3E7005F00FC;
			remoteInfo = WhereIsMyStuff;
		};
/* End PBXContainerItemProxy section */

/* Begin PBXFileReference section */
		D3059D92248ED2CD00D1D061 /* ItemLocationTableViewCell.swift */ = {isa = PBXFileReference; lastKnownFileType = sourcecode.swift; path = ItemLocationTableViewCell.swift; sourceTree = "<group>"; };
		D3059D97248ED67D00D1D061 /* AddItemLocation.storyboard */ = {isa = PBXFileReference; lastKnownFileType = file.storyboard; path = AddItemLocation.storyboard; sourceTree = "<group>"; };
		D3059D99248ED6B400D1D061 /* AddItemLocationViewController.swift */ = {isa = PBXFileReference; lastKnownFileType = sourcecode.swift; path = AddItemLocationViewController.swift; sourceTree = "<group>"; };
		D3084CFA248F71150048A35F /* PickerTableViewCell.swift */ = {isa = PBXFileReference; lastKnownFileType = sourcecode.swift; path = PickerTableViewCell.swift; sourceTree = "<group>"; };
		D3084CFB248F71150048A35F /* PickerTableViewCell.xib */ = {isa = PBXFileReference; lastKnownFileType = file.xib; path = PickerTableViewCell.xib; sourceTree = "<group>"; };
		D3084CFE248F7D9D0048A35F /* PickerValueTableViewCell.swift */ = {isa = PBXFileReference; lastKnownFileType = sourcecode.swift; path = PickerValueTableViewCell.swift; sourceTree = "<group>"; };
		D3084CFF248F7D9D0048A35F /* PickerValueTableViewCell.xib */ = {isa = PBXFileReference; lastKnownFileType = file.xib; path = PickerValueTableViewCell.xib; sourceTree = "<group>"; };
		D3084D02248F97D10048A35F /* TextFieldTableViewCell.swift */ = {isa = PBXFileReference; lastKnownFileType = sourcecode.swift; path = TextFieldTableViewCell.swift; sourceTree = "<group>"; };
		D3084D03248F97D10048A35F /* TextFieldTableViewCell.xib */ = {isa = PBXFileReference; lastKnownFileType = file.xib; path = TextFieldTableViewCell.xib; sourceTree = "<group>"; };
		D3084D07248FA5F90048A35F /* TextViewTableViewCell.swift */ = {isa = PBXFileReference; lastKnownFileType = sourcecode.swift; path = TextViewTableViewCell.swift; sourceTree = "<group>"; };
		D3084D08248FA5F90048A35F /* TextViewTableViewCell.xib */ = {isa = PBXFileReference; lastKnownFileType = file.xib; path = TextViewTableViewCell.xib; sourceTree = "<group>"; };
		D3084D0C248FE1F60048A35F /* Extensions.swift */ = {isa = PBXFileReference; lastKnownFileType = sourcecode.swift; path = Extensions.swift; sourceTree = "<group>"; };
		D33180792472E622000DBB8C /* Dashboard.storyboard */ = {isa = PBXFileReference; lastKnownFileType = file.storyboard; path = Dashboard.storyboard; sourceTree = "<group>"; };
		D331807C2472E67F000DBB8C /* DashboardViewController.swift */ = {isa = PBXFileReference; lastKnownFileType = sourcecode.swift; path = DashboardViewController.swift; sourceTree = "<group>"; };
		D331807F2472EB37000DBB8C /* MyLocationsViewController.swift */ = {isa = PBXFileReference; lastKnownFileType = sourcecode.swift; path = MyLocationsViewController.swift; sourceTree = "<group>"; };
		D33180812472EB48000DBB8C /* MyLocations.storyboard */ = {isa = PBXFileReference; lastKnownFileType = file.storyboard; path = MyLocations.storyboard; sourceTree = "<group>"; };
		D33180842472EFA8000DBB8C /* NewLocation.storyboard */ = {isa = PBXFileReference; lastKnownFileType = file.storyboard; path = NewLocation.storyboard; sourceTree = "<group>"; };
		D33180862472EFB6000DBB8C /* NewLocationViewController.swift */ = {isa = PBXFileReference; lastKnownFileType = sourcecode.swift; path = NewLocationViewController.swift; sourceTree = "<group>"; };
		D333D95C24810806006C725D /* ItemClass.swift */ = {isa = PBXFileReference; lastKnownFileType = sourcecode.swift; path = ItemClass.swift; sourceTree = "<group>"; };
		D33EE738247EB7F90032C6EA /* LocationCollectionViewCell.swift */ = {isa = PBXFileReference; lastKnownFileType = sourcecode.swift; path = LocationCollectionViewCell.swift; sourceTree = "<group>"; };
		D344497A249F63E600BDB8EA /* JourneyClass.swift */ = {isa = PBXFileReference; lastKnownFileType = sourcecode.swift; path = JourneyClass.swift; sourceTree = "<group>"; };
		D344497C249F8EAF00BDB8EA /* DashboardHeaderView.swift */ = {isa = PBXFileReference; lastKnownFileType = sourcecode.swift; path = DashboardHeaderView.swift; sourceTree = "<group>"; };
		D34DFF4124751438008D3916 /* AdressSearchController.swift */ = {isa = PBXFileReference; lastKnownFileType = sourcecode.swift; path = AdressSearchController.swift; sourceTree = "<group>"; };
		D356E1A424828B6000275445 /* ItemLocationClass.swift */ = {isa = PBXFileReference; lastKnownFileType = sourcecode.swift; path = ItemLocationClass.swift; sourceTree = "<group>"; };
		D37D850F2490D5D200BAA810 /* AddItemViewController.swift */ = {isa = PBXFileReference; lastKnownFileType = sourcecode.swift; path = AddItemViewController.swift; sourceTree = "<group>"; };
		D39738D62489874900D8C91A /* DashBoardCollectionViewCell.swift */ = {isa = PBXFileReference; lastKnownFileType = sourcecode.swift; path = DashBoardCollectionViewCell.swift; sourceTree = "<group>"; };
		D39738DA2489959700D8C91A /* NewSuitcase.storyboard */ = {isa = PBXFileReference; lastKnownFileType = file.storyboard; path = NewSuitcase.storyboard; sourceTree = "<group>"; };
		D39738DC248995D000D8C91A /* NewSuitcaseViewController.swift */ = {isa = PBXFileReference; lastKnownFileType = sourcecode.swift; path = NewSuitcaseViewController.swift; sourceTree = "<group>"; };
		D39738DE2489980700D8C91A /* StuffCollectionViewCell.swift */ = {isa = PBXFileReference; lastKnownFileType = sourcecode.swift; path = StuffCollectionViewCell.swift; sourceTree = "<group>"; };
		D39738E22489A0DF00D8C91A /* MyItems.storyboard */ = {isa = PBXFileReference; lastKnownFileType = file.storyboard; path = MyItems.storyboard; sourceTree = "<group>"; };
		D39738E42489A1BE00D8C91A /* MyItemsViewController.swift */ = {isa = PBXFileReference; lastKnownFileType = sourcecode.swift; path = MyItemsViewController.swift; sourceTree = "<group>"; };
		D3CA69492472E3E7005F00FC /* WhereIsMyStuff.app */ = {isa = PBXFileReference; explicitFileType = wrapper.application; includeInIndex = 0; path = WhereIsMyStuff.app; sourceTree = BUILT_PRODUCTS_DIR; };
		D3CA694C2472E3E7005F00FC /* AppDelegate.swift */ = {isa = PBXFileReference; lastKnownFileType = sourcecode.swift; path = AppDelegate.swift; sourceTree = "<group>"; };
		D3CA694E2472E3E7005F00FC /* SceneDelegate.swift */ = {isa = PBXFileReference; lastKnownFileType = sourcecode.swift; path = SceneDelegate.swift; sourceTree = "<group>"; };
		D3CA69502472E3E7005F00FC /* ViewController.swift */ = {isa = PBXFileReference; lastKnownFileType = sourcecode.swift; path = ViewController.swift; sourceTree = "<group>"; };
		D3CA69532472E3E7005F00FC /* Base */ = {isa = PBXFileReference; lastKnownFileType = file.storyboard; name = Base; path = Base.lproj/Main.storyboard; sourceTree = "<group>"; };
		D3CA69562472E3E7005F00FC /* WhereIsMyStuff.xcdatamodel */ = {isa = PBXFileReference; lastKnownFileType = wrapper.xcdatamodel; path = WhereIsMyStuff.xcdatamodel; sourceTree = "<group>"; };
		D3CA69582472E3E8005F00FC /* Assets.xcassets */ = {isa = PBXFileReference; lastKnownFileType = folder.assetcatalog; path = Assets.xcassets; sourceTree = "<group>"; };
		D3CA695B2472E3E8005F00FC /* Base */ = {isa = PBXFileReference; lastKnownFileType = file.storyboard; name = Base; path = Base.lproj/LaunchScreen.storyboard; sourceTree = "<group>"; };
		D3CA695D2472E3E8005F00FC /* Info.plist */ = {isa = PBXFileReference; lastKnownFileType = text.plist.xml; path = Info.plist; sourceTree = "<group>"; };
		D3CA69622472E3E8005F00FC /* WhereIsMyStuffTests.xctest */ = {isa = PBXFileReference; explicitFileType = wrapper.cfbundle; includeInIndex = 0; path = WhereIsMyStuffTests.xctest; sourceTree = BUILT_PRODUCTS_DIR; };
		D3CA69662472E3E8005F00FC /* WhereIsMyStuffTests.swift */ = {isa = PBXFileReference; lastKnownFileType = sourcecode.swift; path = WhereIsMyStuffTests.swift; sourceTree = "<group>"; };
		D3CA69682472E3E8005F00FC /* Info.plist */ = {isa = PBXFileReference; lastKnownFileType = text.plist.xml; path = Info.plist; sourceTree = "<group>"; };
		D3CA696D2472E3E8005F00FC /* WhereIsMyStuffUITests.xctest */ = {isa = PBXFileReference; explicitFileType = wrapper.cfbundle; includeInIndex = 0; path = WhereIsMyStuffUITests.xctest; sourceTree = BUILT_PRODUCTS_DIR; };
		D3CA69712472E3E8005F00FC /* WhereIsMyStuffUITests.swift */ = {isa = PBXFileReference; lastKnownFileType = sourcecode.swift; path = WhereIsMyStuffUITests.swift; sourceTree = "<group>"; };
		D3CA69732472E3E8005F00FC /* Info.plist */ = {isa = PBXFileReference; lastKnownFileType = text.plist.xml; path = Info.plist; sourceTree = "<group>"; };
		D3D9DE43249B4FAD00363D75 /* clothing.png */ = {isa = PBXFileReference; lastKnownFileType = image.png; path = clothing.png; sourceTree = "<group>"; };
		D3F47D0B247E439800A692D5 /* AllLocation.swift */ = {isa = PBXFileReference; lastKnownFileType = sourcecode.swift; path = AllLocation.swift; sourceTree = "<group>"; };
		D3F907982497C0F10061B522 /* SuitcaseHeaderView.swift */ = {isa = PBXFileReference; lastKnownFileType = sourcecode.swift; path = SuitcaseHeaderView.swift; sourceTree = "<group>"; };
		D3F9079A2497CBE70061B522 /* NewSuitcaseDataModel.swift */ = {isa = PBXFileReference; lastKnownFileType = sourcecode.swift; path = NewSuitcaseDataModel.swift; sourceTree = "<group>"; };
/* End PBXFileReference section */

/* Begin PBXFrameworksBuildPhase section */
		D3CA69462472E3E7005F00FC /* Frameworks */ = {
			isa = PBXFrameworksBuildPhase;
			buildActionMask = 2147483647;
			files = (
				D3BDCADE26DD11AB00287B43 /* MapboxMaps in Frameworks */,
				D3BDCAE126DD135200287B43 /* MapboxGeocoder in Frameworks */,
			);
			runOnlyForDeploymentPostprocessing = 0;
		};
		D3CA695F2472E3E8005F00FC /* Frameworks */ = {
			isa = PBXFrameworksBuildPhase;
			buildActionMask = 2147483647;
			files = (
			);
			runOnlyForDeploymentPostprocessing = 0;
		};
		D3CA696A2472E3E8005F00FC /* Frameworks */ = {
			isa = PBXFrameworksBuildPhase;
			buildActionMask = 2147483647;
			files = (
			);
			runOnlyForDeploymentPostprocessing = 0;
		};
/* End PBXFrameworksBuildPhase section */

/* Begin PBXGroup section */
		D3059D94248ED64600D1D061 /* AddLocationItem */ = {
			isa = PBXGroup;
			children = (
				D3084D06248FA5C80048A35F /* TableViewCells */,
				D3059D97248ED67D00D1D061 /* AddItemLocation.storyboard */,
				D37D850F2490D5D200BAA810 /* AddItemViewController.swift */,
				D3059D99248ED6B400D1D061 /* AddItemLocationViewController.swift */,
			);
			path = AddLocationItem;
			sourceTree = "<group>";
		};
		D3084D06248FA5C80048A35F /* TableViewCells */ = {
			isa = PBXGroup;
			children = (
				D3084CFA248F71150048A35F /* PickerTableViewCell.swift */,
				D3084CFB248F71150048A35F /* PickerTableViewCell.xib */,
				D3084CFE248F7D9D0048A35F /* PickerValueTableViewCell.swift */,
				D3084CFF248F7D9D0048A35F /* PickerValueTableViewCell.xib */,
				D3084D02248F97D10048A35F /* TextFieldTableViewCell.swift */,
				D3084D03248F97D10048A35F /* TextFieldTableViewCell.xib */,
				D3084D07248FA5F90048A35F /* TextViewTableViewCell.swift */,
				D3084D08248FA5F90048A35F /* TextViewTableViewCell.xib */,
			);
			path = TableViewCells;
			sourceTree = "<group>";
		};
		D3084D0B248FE1EA0048A35F /* Extensions */ = {
			isa = PBXGroup;
			children = (
				D3084D0C248FE1F60048A35F /* Extensions.swift */,
			);
			path = Extensions;
			sourceTree = "<group>";
		};
		D331807B2472E664000DBB8C /* Dashboard */ = {
			isa = PBXGroup;
			children = (
				D33180792472E622000DBB8C /* Dashboard.storyboard */,
				D331807C2472E67F000DBB8C /* DashboardViewController.swift */,
				D39738D62489874900D8C91A /* DashBoardCollectionViewCell.swift */,
				D344497C249F8EAF00BDB8EA /* DashboardHeaderView.swift */,
			);
			path = Dashboard;
			sourceTree = "<group>";
		};
		D331807E2472EB29000DBB8C /* MyLocations */ = {
			isa = PBXGroup;
			children = (
				D331807F2472EB37000DBB8C /* MyLocationsViewController.swift */,
				D33180812472EB48000DBB8C /* MyLocations.storyboard */,
				D33EE738247EB7F90032C6EA /* LocationCollectionViewCell.swift */,
			);
			path = MyLocations;
			sourceTree = "<group>";
		};
		D33180832472EDA5000DBB8C /* AddNewLocation */ = {
			isa = PBXGroup;
			children = (
				D33180842472EFA8000DBB8C /* NewLocation.storyboard */,
				D33180862472EFB6000DBB8C /* NewLocationViewController.swift */,
				D34DFF4124751438008D3916 /* AdressSearchController.swift */,
			);
			path = AddNewLocation;
			sourceTree = "<group>";
		};
		D356E19F2482880900275445 /* Items */ = {
			isa = PBXGroup;
			children = (
				D3059D94248ED64600D1D061 /* AddLocationItem */,
				D39738E42489A1BE00D8C91A /* MyItemsViewController.swift */,
				D39738E22489A0DF00D8C91A /* MyItems.storyboard */,
				D3059D92248ED2CD00D1D061 /* ItemLocationTableViewCell.swift */,
			);
			path = Items;
			sourceTree = "<group>";
		};
		D39738D92489958100D8C91A /* NewSuitcase */ = {
			isa = PBXGroup;
			children = (
				D39738DA2489959700D8C91A /* NewSuitcase.storyboard */,
				D39738DC248995D000D8C91A /* NewSuitcaseViewController.swift */,
				D39738DE2489980700D8C91A /* StuffCollectionViewCell.swift */,
				D3F907982497C0F10061B522 /* SuitcaseHeaderView.swift */,
				D3F9079A2497CBE70061B522 /* NewSuitcaseDataModel.swift */,
			);
			path = NewSuitcase;
			sourceTree = "<group>";
		};
		D3CA69402472E3E7005F00FC = {
			isa = PBXGroup;
			children = (
				D3CA694B2472E3E7005F00FC /* WhereIsMyStuff */,
				D3CA69652472E3E8005F00FC /* WhereIsMyStuffTests */,
				D3CA69702472E3E8005F00FC /* WhereIsMyStuffUITests */,
				D3CA694A2472E3E7005F00FC /* Products */,
			);
			sourceTree = "<group>";
		};
		D3CA694A2472E3E7005F00FC /* Products */ = {
			isa = PBXGroup;
			children = (
				D3CA69492472E3E7005F00FC /* WhereIsMyStuff.app */,
				D3CA69622472E3E8005F00FC /* WhereIsMyStuffTests.xctest */,
				D3CA696D2472E3E8005F00FC /* WhereIsMyStuffUITests.xctest */,
			);
			name = Products;
			sourceTree = "<group>";
		};
		D3CA694B2472E3E7005F00FC /* WhereIsMyStuff */ = {
			isa = PBXGroup;
			children = (
				D3084D0B248FE1EA0048A35F /* Extensions */,
				D39738D92489958100D8C91A /* NewSuitcase */,
				D356E19F2482880900275445 /* Items */,
				D3F47D0A247E437200A692D5 /* Data */,
				D33180832472EDA5000DBB8C /* AddNewLocation */,
				D331807E2472EB29000DBB8C /* MyLocations */,
				D331807B2472E664000DBB8C /* Dashboard */,
				D3CA694C2472E3E7005F00FC /* AppDelegate.swift */,
				D3CA694E2472E3E7005F00FC /* SceneDelegate.swift */,
				D3CA69502472E3E7005F00FC /* ViewController.swift */,
				D3CA69522472E3E7005F00FC /* Main.storyboard */,
				D3CA69582472E3E8005F00FC /* Assets.xcassets */,
				D3D9DE43249B4FAD00363D75 /* clothing.png */,
				D3CA695A2472E3E8005F00FC /* LaunchScreen.storyboard */,
				D3CA695D2472E3E8005F00FC /* Info.plist */,
			);
			path = WhereIsMyStuff;
			sourceTree = "<group>";
		};
		D3CA69652472E3E8005F00FC /* WhereIsMyStuffTests */ = {
			isa = PBXGroup;
			children = (
				D3CA69662472E3E8005F00FC /* WhereIsMyStuffTests.swift */,
				D3CA69682472E3E8005F00FC /* Info.plist */,
			);
			path = WhereIsMyStuffTests;
			sourceTree = "<group>";
		};
		D3CA69702472E3E8005F00FC /* WhereIsMyStuffUITests */ = {
			isa = PBXGroup;
			children = (
				D3CA69712472E3E8005F00FC /* WhereIsMyStuffUITests.swift */,
				D3CA69732472E3E8005F00FC /* Info.plist */,
			);
			path = WhereIsMyStuffUITests;
			sourceTree = "<group>";
		};
		D3F47D0A247E437200A692D5 /* Data */ = {
			isa = PBXGroup;
			children = (
				D3F47D0B247E439800A692D5 /* AllLocation.swift */,
				D356E1A424828B6000275445 /* ItemLocationClass.swift */,
				D3CA69552472E3E7005F00FC /* WhereIsMyStuff.xcdatamodeld */,
				D333D95C24810806006C725D /* ItemClass.swift */,
				D344497A249F63E600BDB8EA /* JourneyClass.swift */,
			);
			path = Data;
			sourceTree = "<group>";
		};
/* End PBXGroup section */

/* Begin PBXNativeTarget section */
		D3CA69482472E3E7005F00FC /* WhereIsMyStuff */ = {
			isa = PBXNativeTarget;
			buildConfigurationList = D3CA69762472E3E8005F00FC /* Build configuration list for PBXNativeTarget "WhereIsMyStuff" */;
			buildPhases = (
				D3CA69452472E3E7005F00FC /* Sources */,
				D3CA69462472E3E7005F00FC /* Frameworks */,
				D3CA69472472E3E7005F00FC /* Resources */,
			);
			buildRules = (
			);
			dependencies = (
			);
			name = WhereIsMyStuff;
			packageProductDependencies = (
				D3BDCADD26DD11AB00287B43 /* MapboxMaps */,
				D3BDCAE026DD135200287B43 /* MapboxGeocoder */,
			);
			productName = WhereIsMyStuff;
			productReference = D3CA69492472E3E7005F00FC /* WhereIsMyStuff.app */;
			productType = "com.apple.product-type.application";
		};
		D3CA69612472E3E8005F00FC /* WhereIsMyStuffTests */ = {
			isa = PBXNativeTarget;
			buildConfigurationList = D3CA69792472E3E8005F00FC /* Build configuration list for PBXNativeTarget "WhereIsMyStuffTests" */;
			buildPhases = (
				D3CA695E2472E3E8005F00FC /* Sources */,
				D3CA695F2472E3E8005F00FC /* Frameworks */,
				D3CA69602472E3E8005F00FC /* Resources */,
			);
			buildRules = (
			);
			dependencies = (
				D3CA69642472E3E8005F00FC /* PBXTargetDependency */,
			);
			name = WhereIsMyStuffTests;
			productName = WhereIsMyStuffTests;
			productReference = D3CA69622472E3E8005F00FC /* WhereIsMyStuffTests.xctest */;
			productType = "com.apple.product-type.bundle.unit-test";
		};
		D3CA696C2472E3E8005F00FC /* WhereIsMyStuffUITests */ = {
			isa = PBXNativeTarget;
			buildConfigurationList = D3CA697C2472E3E8005F00FC /* Build configuration list for PBXNativeTarget "WhereIsMyStuffUITests" */;
			buildPhases = (
				D3CA69692472E3E8005F00FC /* Sources */,
				D3CA696A2472E3E8005F00FC /* Frameworks */,
				D3CA696B2472E3E8005F00FC /* Resources */,
			);
			buildRules = (
			);
			dependencies = (
				D3CA696F2472E3E8005F00FC /* PBXTargetDependency */,
			);
			name = WhereIsMyStuffUITests;
			productName = WhereIsMyStuffUITests;
			productReference = D3CA696D2472E3E8005F00FC /* WhereIsMyStuffUITests.xctest */;
			productType = "com.apple.product-type.bundle.ui-testing";
		};
/* End PBXNativeTarget section */

/* Begin PBXProject section */
		D3CA69412472E3E7005F00FC /* Project object */ = {
			isa = PBXProject;
			attributes = {
				LastSwiftUpdateCheck = 1140;
				LastUpgradeCheck = 1140;
				ORGANIZATIONNAME = Benedikt;
				TargetAttributes = {
					D3CA69482472E3E7005F00FC = {
						CreatedOnToolsVersion = 11.4.1;
					};
					D3CA69612472E3E8005F00FC = {
						CreatedOnToolsVersion = 11.4.1;
						TestTargetID = D3CA69482472E3E7005F00FC;
					};
					D3CA696C2472E3E8005F00FC = {
						CreatedOnToolsVersion = 11.4.1;
						TestTargetID = D3CA69482472E3E7005F00FC;
					};
				};
			};
			buildConfigurationList = D3CA69442472E3E7005F00FC /* Build configuration list for PBXProject "WhereIsMyStuff" */;
			compatibilityVersion = "Xcode 9.3";
			developmentRegion = en;
			hasScannedForEncodings = 0;
			knownRegions = (
				en,
				Base,
			);
			mainGroup = D3CA69402472E3E7005F00FC;
			packageReferences = (
				D3BDCADC26DD11AB00287B43 /* XCRemoteSwiftPackageReference "mapbox-maps-ios" */,
				D3BDCADF26DD135200287B43 /* XCRemoteSwiftPackageReference "MapboxGeocoder" */,
			);
			productRefGroup = D3CA694A2472E3E7005F00FC /* Products */;
			projectDirPath = "";
			projectRoot = "";
			targets = (
				D3CA69482472E3E7005F00FC /* WhereIsMyStuff */,
				D3CA69612472E3E8005F00FC /* WhereIsMyStuffTests */,
				D3CA696C2472E3E8005F00FC /* WhereIsMyStuffUITests */,
			);
		};
/* End PBXProject section */

/* Begin PBXResourcesBuildPhase section */
		D3CA69472472E3E7005F00FC /* Resources */ = {
			isa = PBXResourcesBuildPhase;
			buildActionMask = 2147483647;
			files = (
				D3CA695C2472E3E8005F00FC /* LaunchScreen.storyboard in Resources */,
				D3CA69592472E3E8005F00FC /* Assets.xcassets in Resources */,
				D33180822472EB48000DBB8C /* MyLocations.storyboard in Resources */,
				D39738E32489A0DF00D8C91A /* MyItems.storyboard in Resources */,
				D3084D0A248FA5F90048A35F /* TextViewTableViewCell.xib in Resources */,
				D39738DB2489959700D8C91A /* NewSuitcase.storyboard in Resources */,
				D3CA69542472E3E7005F00FC /* Main.storyboard in Resources */,
				D3D9DE44249B4FAD00363D75 /* clothing.png in Resources */,
				D3059D98248ED67D00D1D061 /* AddItemLocation.storyboard in Resources */,
				D3084D05248F97D10048A35F /* TextFieldTableViewCell.xib in Resources */,
				D33180852472EFA8000DBB8C /* NewLocation.storyboard in Resources */,
				D3084D01248F7D9D0048A35F /* PickerValueTableViewCell.xib in Resources */,
				D3084CFD248F71150048A35F /* PickerTableViewCell.xib in Resources */,
				D331807A2472E622000DBB8C /* Dashboard.storyboard in Resources */,
			);
			runOnlyForDeploymentPostprocessing = 0;
		};
		D3CA69602472E3E8005F00FC /* Resources */ = {
			isa = PBXResourcesBuildPhase;
			buildActionMask = 2147483647;
			files = (
			);
			runOnlyForDeploymentPostprocessing = 0;
		};
		D3CA696B2472E3E8005F00FC /* Resources */ = {
			isa = PBXResourcesBuildPhase;
			buildActionMask = 2147483647;
			files = (
			);
			runOnlyForDeploymentPostprocessing = 0;
		};
/* End PBXResourcesBuildPhase section */

/* Begin PBXSourcesBuildPhase section */
		D3CA69452472E3E7005F00FC /* Sources */ = {
			isa = PBXSourcesBuildPhase;
			buildActionMask = 2147483647;
			files = (
				D3084D04248F97D10048A35F /* TextFieldTableViewCell.swift in Sources */,
				D3CA69572472E3E7005F00FC /* WhereIsMyStuff.xcdatamodeld in Sources */,
				D3F9079B2497CBE70061B522 /* NewSuitcaseDataModel.swift in Sources */,
				D3F47D0C247E439800A692D5 /* AllLocation.swift in Sources */,
				D333D95D24810806006C725D /* ItemClass.swift in Sources */,
				D37D85102490D5D200BAA810 /* AddItemViewController.swift in Sources */,
				D3F907992497C0F10061B522 /* SuitcaseHeaderView.swift in Sources */,
				D33EE739247EB7F90032C6EA /* LocationCollectionViewCell.swift in Sources */,
				D344497D249F8EAF00BDB8EA /* DashboardHeaderView.swift in Sources */,
				D356E1A524828B6000275445 /* ItemLocationClass.swift in Sources */,
				D3084D00248F7D9D0048A35F /* PickerValueTableViewCell.swift in Sources */,
				D39738D72489874900D8C91A /* DashBoardCollectionViewCell.swift in Sources */,
				D39738DD248995D000D8C91A /* NewSuitcaseViewController.swift in Sources */,
				D39738DF2489980700D8C91A /* StuffCollectionViewCell.swift in Sources */,
				D3059D9A248ED6B400D1D061 /* AddItemLocationViewController.swift in Sources */,
				D3CA69512472E3E7005F00FC /* ViewController.swift in Sources */,
				D34DFF4224751438008D3916 /* AdressSearchController.swift in Sources */,
				D33180872472EFB6000DBB8C /* NewLocationViewController.swift in Sources */,
				D3084CFC248F71150048A35F /* PickerTableViewCell.swift in Sources */,
				D344497B249F63E600BDB8EA /* JourneyClass.swift in Sources */,
				D3084D09248FA5F90048A35F /* TextViewTableViewCell.swift in Sources */,
				D331807D2472E67F000DBB8C /* DashboardViewController.swift in Sources */,
				D33180802472EB37000DBB8C /* MyLocationsViewController.swift in Sources */,
				D3084D0D248FE1F60048A35F /* Extensions.swift in Sources */,
				D39738E52489A1BE00D8C91A /* MyItemsViewController.swift in Sources */,
				D3059D93248ED2CD00D1D061 /* ItemLocationTableViewCell.swift in Sources */,
				D3CA694D2472E3E7005F00FC /* AppDelegate.swift in Sources */,
				D3CA694F2472E3E7005F00FC /* SceneDelegate.swift in Sources */,
			);
			runOnlyForDeploymentPostprocessing = 0;
		};
		D3CA695E2472E3E8005F00FC /* Sources */ = {
			isa = PBXSourcesBuildPhase;
			buildActionMask = 2147483647;
			files = (
				D3CA69672472E3E8005F00FC /* WhereIsMyStuffTests.swift in Sources */,
			);
			runOnlyForDeploymentPostprocessing = 0;
		};
		D3CA69692472E3E8005F00FC /* Sources */ = {
			isa = PBXSourcesBuildPhase;
			buildActionMask = 2147483647;
			files = (
				D3CA69722472E3E8005F00FC /* WhereIsMyStuffUITests.swift in Sources */,
			);
			runOnlyForDeploymentPostprocessing = 0;
		};
/* End PBXSourcesBuildPhase section */

/* Begin PBXTargetDependency section */
		D3CA69642472E3E8005F00FC /* PBXTargetDependency */ = {
			isa = PBXTargetDependency;
			target = D3CA69482472E3E7005F00FC /* WhereIsMyStuff */;
			targetProxy = D3CA69632472E3E8005F00FC /* PBXContainerItemProxy */;
		};
		D3CA696F2472E3E8005F00FC /* PBXTargetDependency */ = {
			isa = PBXTargetDependency;
			target = D3CA69482472E3E7005F00FC /* WhereIsMyStuff */;
			targetProxy = D3CA696E2472E3E8005F00FC /* PBXContainerItemProxy */;
		};
/* End PBXTargetDependency section */

/* Begin PBXVariantGroup section */
		D3CA69522472E3E7005F00FC /* Main.storyboard */ = {
			isa = PBXVariantGroup;
			children = (
				D3CA69532472E3E7005F00FC /* Base */,
			);
			name = Main.storyboard;
			sourceTree = "<group>";
		};
		D3CA695A2472E3E8005F00FC /* LaunchScreen.storyboard */ = {
			isa = PBXVariantGroup;
			children = (
				D3CA695B2472E3E8005F00FC /* Base */,
			);
			name = LaunchScreen.storyboard;
			sourceTree = "<group>";
		};
/* End PBXVariantGroup section */

/* Begin XCBuildConfiguration section */
		D3CA69742472E3E8005F00FC /* Debug */ = {
			isa = XCBuildConfiguration;
			buildSettings = {
				ALWAYS_SEARCH_USER_PATHS = NO;
				CLANG_ANALYZER_NONNULL = YES;
				CLANG_ANALYZER_NUMBER_OBJECT_CONVERSION = YES_AGGRESSIVE;
				CLANG_CXX_LANGUAGE_STANDARD = "gnu++14";
				CLANG_CXX_LIBRARY = "libc++";
				CLANG_ENABLE_MODULES = YES;
				CLANG_ENABLE_OBJC_ARC = YES;
				CLANG_ENABLE_OBJC_WEAK = YES;
				CLANG_WARN_BLOCK_CAPTURE_AUTORELEASING = YES;
				CLANG_WARN_BOOL_CONVERSION = YES;
				CLANG_WARN_COMMA = YES;
				CLANG_WARN_CONSTANT_CONVERSION = YES;
				CLANG_WARN_DEPRECATED_OBJC_IMPLEMENTATIONS = YES;
				CLANG_WARN_DIRECT_OBJC_ISA_USAGE = YES_ERROR;
				CLANG_WARN_DOCUMENTATION_COMMENTS = YES;
				CLANG_WARN_EMPTY_BODY = YES;
				CLANG_WARN_ENUM_CONVERSION = YES;
				CLANG_WARN_INFINITE_RECURSION = YES;
				CLANG_WARN_INT_CONVERSION = YES;
				CLANG_WARN_NON_LITERAL_NULL_CONVERSION = YES;
				CLANG_WARN_OBJC_IMPLICIT_RETAIN_SELF = YES;
				CLANG_WARN_OBJC_LITERAL_CONVERSION = YES;
				CLANG_WARN_OBJC_ROOT_CLASS = YES_ERROR;
				CLANG_WARN_RANGE_LOOP_ANALYSIS = YES;
				CLANG_WARN_STRICT_PROTOTYPES = YES;
				CLANG_WARN_SUSPICIOUS_MOVE = YES;
				CLANG_WARN_UNGUARDED_AVAILABILITY = YES_AGGRESSIVE;
				CLANG_WARN_UNREACHABLE_CODE = YES;
				CLANG_WARN__DUPLICATE_METHOD_MATCH = YES;
				COPY_PHASE_STRIP = NO;
				DEBUG_INFORMATION_FORMAT = dwarf;
				ENABLE_STRICT_OBJC_MSGSEND = YES;
				ENABLE_TESTABILITY = YES;
				GCC_C_LANGUAGE_STANDARD = gnu11;
				GCC_DYNAMIC_NO_PIC = NO;
				GCC_NO_COMMON_BLOCKS = YES;
				GCC_OPTIMIZATION_LEVEL = 0;
				GCC_PREPROCESSOR_DEFINITIONS = (
					"DEBUG=1",
					"$(inherited)",
				);
				GCC_WARN_64_TO_32_BIT_CONVERSION = YES;
				GCC_WARN_ABOUT_RETURN_TYPE = YES_ERROR;
				GCC_WARN_UNDECLARED_SELECTOR = YES;
				GCC_WARN_UNINITIALIZED_AUTOS = YES_AGGRESSIVE;
				GCC_WARN_UNUSED_FUNCTION = YES;
				GCC_WARN_UNUSED_VARIABLE = YES;
				IPHONEOS_DEPLOYMENT_TARGET = 13.4;
				MTL_ENABLE_DEBUG_INFO = INCLUDE_SOURCE;
				MTL_FAST_MATH = YES;
				ONLY_ACTIVE_ARCH = YES;
				SDKROOT = iphoneos;
				SWIFT_ACTIVE_COMPILATION_CONDITIONS = DEBUG;
				SWIFT_OPTIMIZATION_LEVEL = "-Onone";
			};
			name = Debug;
		};
		D3CA69752472E3E8005F00FC /* Release */ = {
			isa = XCBuildConfiguration;
			buildSettings = {
				ALWAYS_SEARCH_USER_PATHS = NO;
				CLANG_ANALYZER_NONNULL = YES;
				CLANG_ANALYZER_NUMBER_OBJECT_CONVERSION = YES_AGGRESSIVE;
				CLANG_CXX_LANGUAGE_STANDARD = "gnu++14";
				CLANG_CXX_LIBRARY = "libc++";
				CLANG_ENABLE_MODULES = YES;
				CLANG_ENABLE_OBJC_ARC = YES;
				CLANG_ENABLE_OBJC_WEAK = YES;
				CLANG_WARN_BLOCK_CAPTURE_AUTORELEASING = YES;
				CLANG_WARN_BOOL_CONVERSION = YES;
				CLANG_WARN_COMMA = YES;
				CLANG_WARN_CONSTANT_CONVERSION = YES;
				CLANG_WARN_DEPRECATED_OBJC_IMPLEMENTATIONS = YES;
				CLANG_WARN_DIRECT_OBJC_ISA_USAGE = YES_ERROR;
				CLANG_WARN_DOCUMENTATION_COMMENTS = YES;
				CLANG_WARN_EMPTY_BODY = YES;
				CLANG_WARN_ENUM_CONVERSION = YES;
				CLANG_WARN_INFINITE_RECURSION = YES;
				CLANG_WARN_INT_CONVERSION = YES;
				CLANG_WARN_NON_LITERAL_NULL_CONVERSION = YES;
				CLANG_WARN_OBJC_IMPLICIT_RETAIN_SELF = YES;
				CLANG_WARN_OBJC_LITERAL_CONVERSION = YES;
				CLANG_WARN_OBJC_ROOT_CLASS = YES_ERROR;
				CLANG_WARN_RANGE_LOOP_ANALYSIS = YES;
				CLANG_WARN_STRICT_PROTOTYPES = YES;
				CLANG_WARN_SUSPICIOUS_MOVE = YES;
				CLANG_WARN_UNGUARDED_AVAILABILITY = YES_AGGRESSIVE;
				CLANG_WARN_UNREACHABLE_CODE = YES;
				CLANG_WARN__DUPLICATE_METHOD_MATCH = YES;
				COPY_PHASE_STRIP = NO;
				DEBUG_INFORMATION_FORMAT = "dwarf-with-dsym";
				ENABLE_NS_ASSERTIONS = NO;
				ENABLE_STRICT_OBJC_MSGSEND = YES;
				GCC_C_LANGUAGE_STANDARD = gnu11;
				GCC_NO_COMMON_BLOCKS = YES;
				GCC_WARN_64_TO_32_BIT_CONVERSION = YES;
				GCC_WARN_ABOUT_RETURN_TYPE = YES_ERROR;
				GCC_WARN_UNDECLARED_SELECTOR = YES;
				GCC_WARN_UNINITIALIZED_AUTOS = YES_AGGRESSIVE;
				GCC_WARN_UNUSED_FUNCTION = YES;
				GCC_WARN_UNUSED_VARIABLE = YES;
				IPHONEOS_DEPLOYMENT_TARGET = 13.4;
				MTL_ENABLE_DEBUG_INFO = NO;
				MTL_FAST_MATH = YES;
				SDKROOT = iphoneos;
				SWIFT_COMPILATION_MODE = wholemodule;
				SWIFT_OPTIMIZATION_LEVEL = "-O";
				VALIDATE_PRODUCT = YES;
			};
			name = Release;
		};
		D3CA69772472E3E8005F00FC /* Debug */ = {
			isa = XCBuildConfiguration;
			buildSettings = {
				ASSETCATALOG_COMPILER_APPICON_NAME = AppIcon;
				CODE_SIGN_IDENTITY = "Apple Development";
				CODE_SIGN_STYLE = Automatic;
				DEVELOPMENT_TEAM = MFV5357J8T;
				INFOPLIST_FILE = WhereIsMyStuff/Info.plist;
				LD_RUNPATH_SEARCH_PATHS = (
					"$(inherited)",
					"@executable_path/Frameworks",
				);
				PRODUCT_BUNDLE_IDENTIFIER = at.bennola.apps.WhereIsMyStuff;
				PRODUCT_NAME = "$(TARGET_NAME)";
				PROVISIONING_PROFILE_SPECIFIER = "";
				SWIFT_VERSION = 5.0;
				TARGETED_DEVICE_FAMILY = "1,2";
			};
			name = Debug;
		};
		D3CA69782472E3E8005F00FC /* Release */ = {
			isa = XCBuildConfiguration;
			buildSettings = {
				ASSETCATALOG_COMPILER_APPICON_NAME = AppIcon;
				CODE_SIGN_IDENTITY = "Apple Development";
				CODE_SIGN_STYLE = Automatic;
				DEVELOPMENT_TEAM = MFV5357J8T;
				INFOPLIST_FILE = WhereIsMyStuff/Info.plist;
				LD_RUNPATH_SEARCH_PATHS = (
					"$(inherited)",
					"@executable_path/Frameworks",
				);
				PRODUCT_BUNDLE_IDENTIFIER = at.bennola.apps.WhereIsMyStuff;
				PRODUCT_NAME = "$(TARGET_NAME)";
				PROVISIONING_PROFILE_SPECIFIER = "";
				SWIFT_VERSION = 5.0;
				TARGETED_DEVICE_FAMILY = "1,2";
			};
			name = Release;
		};
		D3CA697A2472E3E8005F00FC /* Debug */ = {
			isa = XCBuildConfiguration;
			buildSettings = {
				ALWAYS_EMBED_SWIFT_STANDARD_LIBRARIES = YES;
				BUNDLE_LOADER = "$(TEST_HOST)";
				CODE_SIGN_STYLE = Automatic;
				DEVELOPMENT_TEAM = MFV5357J8T;
				INFOPLIST_FILE = WhereIsMyStuffTests/Info.plist;
				IPHONEOS_DEPLOYMENT_TARGET = 13.4;
				LD_RUNPATH_SEARCH_PATHS = (
					"$(inherited)",
					"@executable_path/Frameworks",
					"@loader_path/Frameworks",
				);
				PRODUCT_BUNDLE_IDENTIFIER = at.fhhoe.mc.WhereIsMyStuffTests;
				PRODUCT_NAME = "$(TARGET_NAME)";
				SWIFT_VERSION = 5.0;
				TARGETED_DEVICE_FAMILY = "1,2";
				TEST_HOST = "$(BUILT_PRODUCTS_DIR)/WhereIsMyStuff.app/WhereIsMyStuff";
			};
			name = Debug;
		};
		D3CA697B2472E3E8005F00FC /* Release */ = {
			isa = XCBuildConfiguration;
			buildSettings = {
				ALWAYS_EMBED_SWIFT_STANDARD_LIBRARIES = YES;
				BUNDLE_LOADER = "$(TEST_HOST)";
				CODE_SIGN_STYLE = Automatic;
				DEVELOPMENT_TEAM = MFV5357J8T;
				INFOPLIST_FILE = WhereIsMyStuffTests/Info.plist;
				IPHONEOS_DEPLOYMENT_TARGET = 13.4;
				LD_RUNPATH_SEARCH_PATHS = (
					"$(inherited)",
					"@executable_path/Frameworks",
					"@loader_path/Frameworks",
				);
				PRODUCT_BUNDLE_IDENTIFIER = at.fhhoe.mc.WhereIsMyStuffTests;
				PRODUCT_NAME = "$(TARGET_NAME)";
				SWIFT_VERSION = 5.0;
				TARGETED_DEVICE_FAMILY = "1,2";
				TEST_HOST = "$(BUILT_PRODUCTS_DIR)/WhereIsMyStuff.app/WhereIsMyStuff";
			};
			name = Release;
		};
		D3CA697D2472E3E8005F00FC /* Debug */ = {
			isa = XCBuildConfiguration;
			buildSettings = {
				ALWAYS_EMBED_SWIFT_STANDARD_LIBRARIES = YES;
				CODE_SIGN_STYLE = Automatic;
				DEVELOPMENT_TEAM = MFV5357J8T;
				INFOPLIST_FILE = WhereIsMyStuffUITests/Info.plist;
				LD_RUNPATH_SEARCH_PATHS = (
					"$(inherited)",
					"@executable_path/Frameworks",
					"@loader_path/Frameworks",
				);
				PRODUCT_BUNDLE_IDENTIFIER = at.fhhoe.mc.WhereIsMyStuffUITests;
				PRODUCT_NAME = "$(TARGET_NAME)";
				SWIFT_VERSION = 5.0;
				TARGETED_DEVICE_FAMILY = "1,2";
				TEST_TARGET_NAME = WhereIsMyStuff;
			};
			name = Debug;
		};
		D3CA697E2472E3E8005F00FC /* Release */ = {
			isa = XCBuildConfiguration;
			buildSettings = {
				ALWAYS_EMBED_SWIFT_STANDARD_LIBRARIES = YES;
				CODE_SIGN_STYLE = Automatic;
				DEVELOPMENT_TEAM = MFV5357J8T;
				INFOPLIST_FILE = WhereIsMyStuffUITests/Info.plist;
				LD_RUNPATH_SEARCH_PATHS = (
					"$(inherited)",
					"@executable_path/Frameworks",
					"@loader_path/Frameworks",
				);
				PRODUCT_BUNDLE_IDENTIFIER = at.fhhoe.mc.WhereIsMyStuffUITests;
				PRODUCT_NAME = "$(TARGET_NAME)";
				SWIFT_VERSION = 5.0;
				TARGETED_DEVICE_FAMILY = "1,2";
				TEST_TARGET_NAME = WhereIsMyStuff;
			};
			name = Release;
		};
/* End XCBuildConfiguration section */

/* Begin XCConfigurationList section */
		D3CA69442472E3E7005F00FC /* Build configuration list for PBXProject "WhereIsMyStuff" */ = {
			isa = XCConfigurationList;
			buildConfigurations = (
				D3CA69742472E3E8005F00FC /* Debug */,
				D3CA69752472E3E8005F00FC /* Release */,
			);
			defaultConfigurationIsVisible = 0;
			defaultConfigurationName = Release;
		};
		D3CA69762472E3E8005F00FC /* Build configuration list for PBXNativeTarget "WhereIsMyStuff" */ = {
			isa = XCConfigurationList;
			buildConfigurations = (
				D3CA69772472E3E8005F00FC /* Debug */,
				D3CA69782472E3E8005F00FC /* Release */,
			);
			defaultConfigurationIsVisible = 0;
			defaultConfigurationName = Release;
		};
		D3CA69792472E3E8005F00FC /* Build configuration list for PBXNativeTarget "WhereIsMyStuffTests" */ = {
			isa = XCConfigurationList;
			buildConfigurations = (
				D3CA697A2472E3E8005F00FC /* Debug */,
				D3CA697B2472E3E8005F00FC /* Release */,
			);
			defaultConfigurationIsVisible = 0;
			defaultConfigurationName = Release;
		};
		D3CA697C2472E3E8005F00FC /* Build configuration list for PBXNativeTarget "WhereIsMyStuffUITests" */ = {
			isa = XCConfigurationList;
			buildConfigurations = (
				D3CA697D2472E3E8005F00FC /* Debug */,
				D3CA697E2472E3E8005F00FC /* Release */,
			);
			defaultConfigurationIsVisible = 0;
			defaultConfigurationName = Release;
		};
/* End XCConfigurationList section */

/* Begin XCRemoteSwiftPackageReference section */
		D3BDCADC26DD11AB00287B43 /* XCRemoteSwiftPackageReference "mapbox-maps-ios" */ = {
			isa = XCRemoteSwiftPackageReference;
			repositoryURL = "https://github.com/mapbox/mapbox-maps-ios.git";
			requirement = {
				kind = upToNextMajorVersion;
				minimumVersion = "10.0.0-rc.7";
			};
		};
		D3BDCADF26DD135200287B43 /* XCRemoteSwiftPackageReference "MapboxGeocoder" */ = {
			isa = XCRemoteSwiftPackageReference;
			repositoryURL = "https://github.com/mapbox/MapboxGeocoder.swift";
			requirement = {
				kind = upToNextMajorVersion;
				minimumVersion = 0.14.0;
			};
		};
/* End XCRemoteSwiftPackageReference section */

/* Begin XCSwiftPackageProductDependency section */
		D3BDCADD26DD11AB00287B43 /* MapboxMaps */ = {
			isa = XCSwiftPackageProductDependency;
			package = D3BDCADC26DD11AB00287B43 /* XCRemoteSwiftPackageReference "mapbox-maps-ios" */;
			productName = MapboxMaps;
		};
		D3BDCAE026DD135200287B43 /* MapboxGeocoder */ = {
			isa = XCSwiftPackageProductDependency;
			package = D3BDCADF26DD135200287B43 /* XCRemoteSwiftPackageReference "MapboxGeocoder" */;
			productName = MapboxGeocoder;
		};
/* End XCSwiftPackageProductDependency section */

/* Begin XCVersionGroup section */
		D3CA69552472E3E7005F00FC /* WhereIsMyStuff.xcdatamodeld */ = {
			isa = XCVersionGroup;
			children = (
				D3CA69562472E3E7005F00FC /* WhereIsMyStuff.xcdatamodel */,
			);
			currentVersion = D3CA69562472E3E7005F00FC /* WhereIsMyStuff.xcdatamodel */;
			path = WhereIsMyStuff.xcdatamodeld;
			sourceTree = "<group>";
			versionGroupType = wrapper.xcdatamodel;
		};
/* End XCVersionGroup section */
	};
	rootObject = D3CA69412472E3E7005F00FC /* Project object */;
}
