{
  "object": {
    "pins": [
      {
        "package": "MapboxCommon",
        "repositoryURL": "https://github.com/mapbox/mapbox-common-ios.git",
        "state": {
          "branch": null,
          "revision": "0344eb61ec9e3cf96c81b1767354a8a3cd1246fc",
          "version": "20.0.0"
        }
      },
      {
        "package": "MapboxCoreMaps",
        "repositoryURL": "https://github.com/mapbox/mapbox-core-maps-ios.git",
        "state": {
          "branch": null,
          "revision": "fd3b7e65b51fd984831c1337876b038ed183480b",
          "version": "10.0.0"
        }
      },
      {
        "package": "MapboxMobileEvents",
        "repositoryURL": "https://github.com/mapbox/mapbox-events-ios.git",
        "state": {
          "branch": null,
          "revision": "42aa5121a6810adee85bbc3ceb45c9792ae416d0",
          "version": "1.0.5"
        }
      },
      {
        "package": "MapboxMaps",
        "repositoryURL": "https://github.com/mapbox/mapbox-maps-ios.git",
        "state": {
          "branch": null,
          "revision": "75f38ef5c15a7ff97bd41f4243ad343befcd3e6a",
          "version": "10.0.0"
        }
      },
      {
        "package": "MapboxGeocoder",
        "repositoryURL": "https://github.com/mapbox/MapboxGeocoder.swift",
        "state": {
          "branch": null,
          "revision": "91fb908bb57c0fcddc0062b5d64ea2002e0ea789",
          "version": "0.14.0"
        }
      },
      {
        "package": "MapboxStatic",
        "repositoryURL": "https://github.com/mapbox/MapboxStatic.swift",
        "state": {
          "branch": null,
          "revision": "886e17c242fe9f573ab6c27871a26c0795400017",
          "version": "0.12.0"
        }
      },
      {
        "package": "Polyline",
        "repositoryURL": "https://github.com/raphaelmor/Polyline.git",
        "state": {
          "branch": null,
          "revision": "36f7b1222aaf8fa741d0d179c12e186998d97f42",
          "version": "5.0.2"
        }
      },
      {
        "package": "Turf",
        "repositoryURL": "https://github.com/mapbox/turf-swift.git",
        "state": {
          "branch": null,
          "revision": "dccd79aee4c21298d1beb81cc0e86eccbe911ae0",
          "version": "2.0.0"
        }
      }
    ]
  },
  "version": 1
}
